
Microsoft Visual Studio Solution File, Format Version 12.00
# Visual Studio 15
VisualStudioVersion = 15.0.26430.15
MinimumVisualStudioVersion = 10.0.40219.1
Project("{FAE04EC0-301F-11D3-BF4B-00C04F79EFBC}") = "CcExcel", "CcExcel\CcExcel.csproj", "{492F4F30-5127-4AD7-AFA4-445059885A0B}"
EndProject
Project("{FAE04EC0-301F-11D3-BF4B-00C04F79EFBC}") = "CcExcel.Test", "CcExcel.Test\CcExcel.Test.csproj", "{60F62DED-F387-4DA4-817C-1A19EE685698}"
EndProject
Project("{FAE04EC0-301F-11D3-BF4B-00C04F79EFBC}") = "CcExcel.Demos", "CcExcel.Demos\CcExcel.Demos.csproj", "{4BB7C1DD-01B1-4CBC-B691-9610171FE9F7}"
EndProject
Global
	GlobalSection(SolutionConfigurationPlatforms) = preSolution
		Debug|Any CPU = Debug|Any CPU
		Release|Any CPU = Release|Any CPU
	EndGlobalSection
	GlobalSection(ProjectConfigurationPlatforms) = postSolution
		{492F4F30-5127-4AD7-AFA4-445059885A0B}.Debug|Any CPU.ActiveCfg = Debug|Any CPU
		{492F4F30-5127-4AD7-AFA4-445059885A0B}.Debug|Any CPU.Build.0 = Debug|Any CPU
		{492F4F30-5127-4AD7-AFA4-445059885A0B}.Release|Any CPU.ActiveCfg = Release|Any CPU
		{492F4F30-5127-4AD7-AFA4-445059885A0B}.Release|Any CPU.Build.0 = Release|Any CPU
		{60F62DED-F387-4DA4-817C-1A19EE685698}.Debug|Any CPU.ActiveCfg = Debug|Any CPU
		{60F62DED-F387-4DA4-817C-1A19EE685698}.Debug|Any CPU.Build.0 = Debug|Any CPU
		{60F62DED-F387-4DA4-817C-1A19EE685698}.Release|Any CPU.ActiveCfg = Release|Any CPU
		{60F62DED-F387-4DA4-817C-1A19EE685698}.Release|Any CPU.Build.0 = Release|Any CPU
		{4BB7C1DD-01B1-4CBC-B691-9610171FE9F7}.Debug|Any CPU.ActiveCfg = Debug|Any CPU
		{4BB7C1DD-01B1-4CBC-B691-9610171FE9F7}.Debug|Any CPU.Build.0 = Debug|Any CPU
		{4BB7C1DD-01B1-4CBC-B691-9610171FE9F7}.Release|Any CPU.ActiveCfg = Release|Any CPU
		{4BB7C1DD-01B1-4CBC-B691-9610171FE9F7}.Release|Any CPU.Build.0 = Release|Any CPU
	EndGlobalSection
	GlobalSection(SolutionProperties) = preSolution
		HideSolutionNode = FALSE
	EndGlobalSection
EndGlobal
